// !$*UTF8*$!
{
	archiveVersion = 1;
	classes = {
	};
	objectVersion = 46;
	objects = {

/* Begin PBXBuildFile section */
		F42CFDB81DF544CE00EA8BCF /* LoginOrRegisterViewController.swift in Sources */ = {isa = PBXBuildFile; fileRef = F42CFDB71DF544CE00EA8BCF /* LoginOrRegisterViewController.swift */; };
		F42CFDBA1DF5451600EA8BCF /* MainTableViewController.swift in Sources */ = {isa = PBXBuildFile; fileRef = F42CFDB91DF5451600EA8BCF /* MainTableViewController.swift */; };
		F48676371DF2CE3800078859 /* InputUserNameController.swift in Sources */ = {isa = PBXBuildFile; fileRef = F48676361DF2CE3800078859 /* InputUserNameController.swift */; };
		F48676391DF2D11A00078859 /* TESTViewController.swift in Sources */ = {isa = PBXBuildFile; fileRef = F48676381DF2D11A00078859 /* TESTViewController.swift */; };
		F486763C1DF2D14D00078859 /* Tools.swift in Sources */ = {isa = PBXBuildFile; fileRef = F486763B1DF2D14D00078859 /* Tools.swift */; };
		F486763E1DF2D38400078859 /* Reqeust.swift in Sources */ = {isa = PBXBuildFile; fileRef = F486763D1DF2D38400078859 /* Reqeust.swift */; };
		F48676401DF2F01700078859 /* UserInfoRequest.swift in Sources */ = {isa = PBXBuildFile; fileRef = F486763F1DF2F01700078859 /* UserInfoRequest.swift */; };
		F48676421DF2F82E00078859 /* RequestDefine.swift in Sources */ = {isa = PBXBuildFile; fileRef = F48676411DF2F82E00078859 /* RequestDefine.swift */; };
		F48676451DF2F8F000078859 /* UserModel.swift in Sources */ = {isa = PBXBuildFile; fileRef = F48676441DF2F8F000078859 /* UserModel.swift */; };
		F4CC9FF41DF6A8DE00A90E8C /* MainPageCell.swift in Sources */ = {isa = PBXBuildFile; fileRef = F4CC9FF31DF6A8DE00A90E8C /* MainPageCell.swift */; };
		F4CC9FF61DF6A8FE00A90E8C /* AccountManager.swift in Sources */ = {isa = PBXBuildFile; fileRef = F4CC9FF51DF6A8FE00A90E8C /* AccountManager.swift */; };
		F4CC9FF81DF6ABD900A90E8C /* ContentModel.swift in Sources */ = {isa = PBXBuildFile; fileRef = F4CC9FF71DF6ABD900A90E8C /* ContentModel.swift */; };
		F4CC9FFA1DF6AD0E00A90E8C /* ContentRequest.swift in Sources */ = {isa = PBXBuildFile; fileRef = F4CC9FF91DF6AD0E00A90E8C /* ContentRequest.swift */; };
		F4CC9FFC1DF6B9F500A90E8C /* ContentDetailViewController.swift in Sources */ = {isa = PBXBuildFile; fileRef = F4CC9FFB1DF6B9F500A90E8C /* ContentDetailViewController.swift */; };
		F4E7C20E1DEEC880009CD13C /* AppDelegate.swift in Sources */ = {isa = PBXBuildFile; fileRef = F4E7C20D1DEEC880009CD13C /* AppDelegate.swift */; };
		F4E7C2131DEEC880009CD13C /* Main.storyboard in Resources */ = {isa = PBXBuildFile; fileRef = F4E7C2111DEEC880009CD13C /* Main.storyboard */; };
		F4E7C2151DEEC880009CD13C /* Assets.xcassets in Resources */ = {isa = PBXBuildFile; fileRef = F4E7C2141DEEC880009CD13C /* Assets.xcassets */; };
		F4E7C2181DEEC880009CD13C /* LaunchScreen.storyboard in Resources */ = {isa = PBXBuildFile; fileRef = F4E7C2161DEEC880009CD13C /* LaunchScreen.storyboard */; };
/* End PBXBuildFile section */

/* Begin PBXFileReference section */
		F42CFDB71DF544CE00EA8BCF /* LoginOrRegisterViewController.swift */ = {isa = PBXFileReference; fileEncoding = 4; lastKnownFileType = sourcecode.swift; path = LoginOrRegisterViewController.swift; sourceTree = "<group>"; };
		F42CFDB91DF5451600EA8BCF /* MainTableViewController.swift */ = {isa = PBXFileReference; fileEncoding = 4; lastKnownFileType = sourcecode.swift; path = MainTableViewController.swift; sourceTree = "<group>"; };
		F48676361DF2CE3800078859 /* InputUserNameController.swift */ = {isa = PBXFileReference; fileEncoding = 4; lastKnownFileType = sourcecode.swift; path = InputUserNameController.swift; sourceTree = "<group>"; };
		F48676381DF2D11A00078859 /* TESTViewController.swift */ = {isa = PBXFileReference; fileEncoding = 4; lastKnownFileType = sourcecode.swift; path = TESTViewController.swift; sourceTree = "<group>"; };
		F486763B1DF2D14D00078859 /* Tools.swift */ = {isa = PBXFileReference; fileEncoding = 4; lastKnownFileType = sourcecode.swift; path = Tools.swift; sourceTree = "<group>"; };
		F486763D1DF2D38400078859 /* Reqeust.swift */ = {isa = PBXFileReference; fileEncoding = 4; lastKnownFileType = sourcecode.swift; path = Reqeust.swift; sourceTree = "<group>"; };
		F486763F1DF2F01700078859 /* UserInfoRequest.swift */ = {isa = PBXFileReference; fileEncoding = 4; lastKnownFileType = sourcecode.swift; path = UserInfoRequest.swift; sourceTree = "<group>"; };
		F48676411DF2F82E00078859 /* RequestDefine.swift */ = {isa = PBXFileReference; fileEncoding = 4; lastKnownFileType = sourcecode.swift; path = RequestDefine.swift; sourceTree = "<group>"; };
		F48676441DF2F8F000078859 /* UserModel.swift */ = {isa = PBXFileReference; fileEncoding = 4; lastKnownFileType = sourcecode.swift; path = UserModel.swift; sourceTree = "<group>"; };
		F4CC9FF31DF6A8DE00A90E8C /* MainPageCell.swift */ = {isa = PBXFileReference; fileEncoding = 4; lastKnownFileType = sourcecode.swift; path = MainPageCell.swift; sourceTree = "<group>"; };
		F4CC9FF51DF6A8FE00A90E8C /* AccountManager.swift */ = {isa = PBXFileReference; fileEncoding = 4; lastKnownFileType = sourcecode.swift; path = AccountManager.swift; sourceTree = "<group>"; };
		F4CC9FF71DF6ABD900A90E8C /* ContentModel.swift */ = {isa = PBXFileReference; fileEncoding = 4; lastKnownFileType = sourcecode.swift; path = ContentModel.swift; sourceTree = "<group>"; };
		F4CC9FF91DF6AD0E00A90E8C /* ContentRequest.swift */ = {isa = PBXFileReference; fileEncoding = 4; lastKnownFileType = sourcecode.swift; path = ContentRequest.swift; sourceTree = "<group>"; };
		F4CC9FFB1DF6B9F500A90E8C /* ContentDetailViewController.swift */ = {isa = PBXFileReference; fileEncoding = 4; lastKnownFileType = sourcecode.swift; path = ContentDetailViewController.swift; sourceTree = "<group>"; };
		F4E7C20A1DEEC880009CD13C /* iOSClientForPerfect.app */ = {isa = PBXFileReference; explicitFileType = wrapper.application; includeInIndex = 0; path = iOSClientForPerfect.app; sourceTree = BUILT_PRODUCTS_DIR; };
		F4E7C20D1DEEC880009CD13C /* AppDelegate.swift */ = {isa = PBXFileReference; lastKnownFileType = sourcecode.swift; path = AppDelegate.swift; sourceTree = "<group>"; };
		F4E7C2121DEEC880009CD13C /* Base */ = {isa = PBXFileReference; lastKnownFileType = file.storyboard; name = Base; path = Base.lproj/Main.storyboard; sourceTree = "<group>"; };
		F4E7C2141DEEC880009CD13C /* Assets.xcassets */ = {isa = PBXFileReference; lastKnownFileType = folder.assetcatalog; path = Assets.xcassets; sourceTree = "<group>"; };
		F4E7C2171DEEC880009CD13C /* Base */ = {isa = PBXFileReference; lastKnownFileType = file.storyboard; name = Base; path = Base.lproj/LaunchScreen.storyboard; sourceTree = "<group>"; };
		F4E7C2191DEEC880009CD13C /* Info.plist */ = {isa = PBXFileReference; lastKnownFileType = text.plist.xml; path = Info.plist; sourceTree = "<group>"; };
/* End PBXFileReference section */

/* Begin PBXFrameworksBuildPhase section */
		F4E7C2071DEEC880009CD13C /* Frameworks */ = {
			isa = PBXFrameworksBuildPhase;
			buildActionMask = 2147483647;
			files = (
			);
			runOnlyForDeploymentPostprocessing = 0;
		};
/* End PBXFrameworksBuildPhase section */

/* Begin PBXGroup section */
		F48676341DF2CDDA00078859 /* ViewController */ = {
			isa = PBXGroup;
			children = (
				F48676381DF2D11A00078859 /* TESTViewController.swift */,
				F48676361DF2CE3800078859 /* InputUserNameController.swift */,
				F42CFDB71DF544CE00EA8BCF /* LoginOrRegisterViewController.swift */,
				F42CFDB91DF5451600EA8BCF /* MainTableViewController.swift */,
				F4CC9FFB1DF6B9F500A90E8C /* ContentDetailViewController.swift */,
			);
			path = ViewController;
			sourceTree = "<group>";
		};
		F48676351DF2CE0800078859 /* NewWorking */ = {
			isa = PBXGroup;
			children = (
				F48676411DF2F82E00078859 /* RequestDefine.swift */,
				F486763D1DF2D38400078859 /* Reqeust.swift */,
				F486763F1DF2F01700078859 /* UserInfoRequest.swift */,
				F4CC9FF91DF6AD0E00A90E8C /* ContentRequest.swift */,
			);
			path = NewWorking;
			sourceTree = "<group>";
		};
		F486763A1DF2D13600078859 /* Tools */ = {
			isa = PBXGroup;
			children = (
				F486763B1DF2D14D00078859 /* Tools.swift */,
				F4CC9FF51DF6A8FE00A90E8C /* AccountManager.swift */,
			);
			path = Tools;
			sourceTree = "<group>";
		};
		F48676431DF2F8E300078859 /* Model */ = {
			isa = PBXGroup;
			children = (
				F48676441DF2F8F000078859 /* UserModel.swift */,
				F4CC9FF71DF6ABD900A90E8C /* ContentModel.swift */,
			);
			path = Model;
			sourceTree = "<group>";
		};
		F4CC9FF01DF6A7C100A90E8C /* View */ = {
			isa = PBXGroup;
			children = (
				F4CC9FF31DF6A8DE00A90E8C /* MainPageCell.swift */,
			);
			path = View;
			sourceTree = "<group>";
		};
		F4E7C2011DEEC880009CD13C = {
			isa = PBXGroup;
			children = (
				F4E7C20C1DEEC880009CD13C /* iOSClientForPerfect */,
				F4E7C20B1DEEC880009CD13C /* Products */,
			);
			sourceTree = "<group>";
		};
		F4E7C20B1DEEC880009CD13C /* Products */ = {
			isa = PBXGroup;
			children = (
				F4E7C20A1DEEC880009CD13C /* iOSClientForPerfect.app */,
			);
			name = Products;
			sourceTree = "<group>";
		};
		F4E7C20C1DEEC880009CD13C /* iOSClientForPerfect */ = {
			isa = PBXGroup;
			children = (
				F48676431DF2F8E300078859 /* Model */,
				F486763A1DF2D13600078859 /* Tools */,
				F48676351DF2CE0800078859 /* NewWorking */,
				F48676341DF2CDDA00078859 /* ViewController */,
				F4CC9FF01DF6A7C100A90E8C /* View */,
				F4E7C20D1DEEC880009CD13C /* AppDelegate.swift */,
				F4E7C2111DEEC880009CD13C /* Main.storyboard */,
				F4E7C2141DEEC880009CD13C /* Assets.xcassets */,
				F4E7C2161DEEC880009CD13C /* LaunchScreen.storyboard */,
				F4E7C2191DEEC880009CD13C /* Info.plist */,
			);
			path = iOSClientForPerfect;
			sourceTree = "<group>";
		};
/* End PBXGroup section */

/* Begin PBXNativeTarget section */
		F4E7C2091DEEC880009CD13C /* iOSClientForPerfect */ = {
			isa = PBXNativeTarget;
			buildConfigurationList = F4E7C21C1DEEC880009CD13C /* Build configuration list for PBXNativeTarget "iOSClientForPerfect" */;
			buildPhases = (
				F4E7C2061DEEC880009CD13C /* Sources */,
				F4E7C2071DEEC880009CD13C /* Frameworks */,
				F4E7C2081DEEC880009CD13C /* Resources */,
			);
			buildRules = (
			);
			dependencies = (
			);
			name = iOSClientForPerfect;
			productName = iOSClientForPerfect;
			productReference = F4E7C20A1DEEC880009CD13C /* iOSClientForPerfect.app */;
			productType = "com.apple.product-type.application";
		};
/* End PBXNativeTarget section */

/* Begin PBXProject section */
		F4E7C2021DEEC880009CD13C /* Project object */ = {
			isa = PBXProject;
			attributes = {
				LastSwiftUpdateCheck = 0810;
				LastUpgradeCheck = 0810;
				ORGANIZATIONNAME = ZeluLi;
				TargetAttributes = {
					F4E7C2091DEEC880009CD13C = {
						CreatedOnToolsVersion = 8.1;
						DevelopmentTeam = AWN3A347S4;
						ProvisioningStyle = Automatic;
					};
				};
			};
			buildConfigurationList = F4E7C2051DEEC880009CD13C /* Build configuration list for PBXProject "iOSClientForPerfect" */;
			compatibilityVersion = "Xcode 3.2";
			developmentRegion = English;
			hasScannedForEncodings = 0;
			knownRegions = (
				en,
				Base,
			);
			mainGroup = F4E7C2011DEEC880009CD13C;
			productRefGroup = F4E7C20B1DEEC880009CD13C /* Products */;
			projectDirPath = "";
			projectRoot = "";
			targets = (
				F4E7C2091DEEC880009CD13C /* iOSClientForPerfect */,
			);
		};
/* End PBXProject section */

/* Begin PBXResourcesBuildPhase section */
		F4E7C2081DEEC880009CD13C /* Resources */ = {
			isa = PBXResourcesBuildPhase;
			buildActionMask = 2147483647;
			files = (
				F4E7C2181DEEC880009CD13C /* LaunchScreen.storyboard in Resources */,
				F4E7C2151DEEC880009CD13C /* Assets.xcassets in Resources */,
				F4E7C2131DEEC880009CD13C /* Main.storyboard in Resources */,
			);
			runOnlyForDeploymentPostprocessing = 0;
		};
/* End PBXResourcesBuildPhase section */

/* Begin PBXSourcesBuildPhase section */
		F4E7C2061DEEC880009CD13C /* Sources */ = {
			isa = PBXSourcesBuildPhase;
			buildActionMask = 2147483647;
			files = (
				F48676401DF2F01700078859 /* UserInfoRequest.swift in Sources */,
				F48676391DF2D11A00078859 /* TESTViewController.swift in Sources */,
				F48676451DF2F8F000078859 /* UserModel.swift in Sources */,
				F42CFDB81DF544CE00EA8BCF /* LoginOrRegisterViewController.swift in Sources */,
				F4CC9FF81DF6ABD900A90E8C /* ContentModel.swift in Sources */,
				F48676421DF2F82E00078859 /* RequestDefine.swift in Sources */,
				F486763E1DF2D38400078859 /* Reqeust.swift in Sources */,
				F4CC9FF41DF6A8DE00A90E8C /* MainPageCell.swift in Sources */,
				F48676371DF2CE3800078859 /* InputUserNameController.swift in Sources */,
				F4E7C20E1DEEC880009CD13C /* AppDelegate.swift in Sources */,
				F42CFDBA1DF5451600EA8BCF /* MainTableViewController.swift in Sources */,
				F486763C1DF2D14D00078859 /* Tools.swift in Sources */,
				F4CC9FFC1DF6B9F500A90E8C /* ContentDetailViewController.swift in Sources */,
				F4CC9FF61DF6A8FE00A90E8C /* AccountManager.swift in Sources */,
				F4CC9FFA1DF6AD0E00A90E8C /* ContentRequest.swift in Sources */,
			);
			runOnlyForDeploymentPostprocessing = 0;
		};
/* End PBXSourcesBuildPhase section */

/* Begin PBXVariantGroup section */
		F4E7C2111DEEC880009CD13C /* Main.storyboard */ = {
			isa = PBXVariantGroup;
			children = (
				F4E7C2121DEEC880009CD13C /* Base */,
			);
			name = Main.storyboard;
			sourceTree = "<group>";
		};
		F4E7C2161DEEC880009CD13C /* LaunchScreen.storyboard */ = {
			isa = PBXVariantGroup;
			children = (
				F4E7C2171DEEC880009CD13C /* Base */,
			);
			name = LaunchScreen.storyboard;
			sourceTree = "<group>";
		};
/* End PBXVariantGroup section */

/* Begin XCBuildConfiguration section */
		F4E7C21A1DEEC880009CD13C /* Debug */ = {
			isa = XCBuildConfiguration;
			buildSettings = {
				ALWAYS_SEARCH_USER_PATHS = NO;
				CLANG_ANALYZER_NONNULL = YES;
				CLANG_CXX_LANGUAGE_STANDARD = "gnu++0x";
				CLANG_CXX_LIBRARY = "libc++";
				CLANG_ENABLE_MODULES = YES;
				CLANG_ENABLE_OBJC_ARC = YES;
				CLANG_WARN_BOOL_CONVERSION = YES;
				CLANG_WARN_CONSTANT_CONVERSION = YES;
				CLANG_WARN_DIRECT_OBJC_ISA_USAGE = YES_ERROR;
				CLANG_WARN_DOCUMENTATION_COMMENTS = YES;
				CLANG_WARN_EMPTY_BODY = YES;
				CLANG_WARN_ENUM_CONVERSION = YES;
				CLANG_WARN_INFINITE_RECURSION = YES;
				CLANG_WARN_INT_CONVERSION = YES;
				CLANG_WARN_OBJC_ROOT_CLASS = YES_ERROR;
				CLANG_WARN_SUSPICIOUS_MOVES = YES;
				CLANG_WARN_UNREACHABLE_CODE = YES;
				CLANG_WARN__DUPLICATE_METHOD_MATCH = YES;
				"CODE_SIGN_IDENTITY[sdk=iphoneos*]" = "iPhone Developer";
				COPY_PHASE_STRIP = NO;
				DEBUG_INFORMATION_FORMAT = dwarf;
				ENABLE_STRICT_OBJC_MSGSEND = YES;
				ENABLE_TESTABILITY = YES;
				GCC_C_LANGUAGE_STANDARD = gnu99;
				GCC_DYNAMIC_NO_PIC = NO;
				GCC_NO_COMMON_BLOCKS = YES;
				GCC_OPTIMIZATION_LEVEL = 0;
				GCC_PREPROCESSOR_DEFINITIONS = (
					"DEBUG=1",
					"$(inherited)",
				);
				GCC_WARN_64_TO_32_BIT_CONVERSION = YES;
				GCC_WARN_ABOUT_RETURN_TYPE = YES_ERROR;
				GCC_WARN_UNDECLARED_SELECTOR = YES;
				GCC_WARN_UNINITIALIZED_AUTOS = YES_AGGRESSIVE;
				GCC_WARN_UNUSED_FUNCTION = YES;
				GCC_WARN_UNUSED_VARIABLE = YES;
				IPHONEOS_DEPLOYMENT_TARGET = 10.1;
				MTL_ENABLE_DEBUG_INFO = YES;
				ONLY_ACTIVE_ARCH = YES;
				SDKROOT = iphoneos;
				SWIFT_ACTIVE_COMPILATION_CONDITIONS = DEBUG;
				SWIFT_OPTIMIZATION_LEVEL = "-Onone";
			};
			name = Debug;
		};
		F4E7C21B1DEEC880009CD13C /* Release */ = {
			isa = XCBuildConfiguration;
			buildSettings = {
				ALWAYS_SEARCH_USER_PATHS = NO;
				CLANG_ANALYZER_NONNULL = YES;
				CLANG_CXX_LANGUAGE_STANDARD = "gnu++0x";
				CLANG_CXX_LIBRARY = "libc++";
				CLANG_ENABLE_MODULES = YES;
				CLANG_ENABLE_OBJC_ARC = YES;
				CLANG_WARN_BOOL_CONVERSION = YES;
				CLANG_WARN_CONSTANT_CONVERSION = YES;
				CLANG_WARN_DIRECT_OBJC_ISA_USAGE = YES_ERROR;
				CLANG_WARN_DOCUMENTATION_COMMENTS = YES;
				CLANG_WARN_EMPTY_BODY = YES;
				CLANG_WARN_ENUM_CONVERSION = YES;
				CLANG_WARN_INFINITE_RECURSION = YES;
				CLANG_WARN_INT_CONVERSION = YES;
				CLANG_WARN_OBJC_ROOT_CLASS = YES_ERROR;
				CLANG_WARN_SUSPICIOUS_MOVES = YES;
				CLANG_WARN_UNREACHABLE_CODE = YES;
				CLANG_WARN__DUPLICATE_METHOD_MATCH = YES;
				"CODE_SIGN_IDENTITY[sdk=iphoneos*]" = "iPhone Developer";
				COPY_PHASE_STRIP = NO;
				DEBUG_INFORMATION_FORMAT = "dwarf-with-dsym";
				ENABLE_NS_ASSERTIONS = NO;
				ENABLE_STRICT_OBJC_MSGSEND = YES;
				GCC_C_LANGUAGE_STANDARD = gnu99;
				GCC_NO_COMMON_BLOCKS = YES;
				GCC_WARN_64_TO_32_BIT_CONVERSION = YES;
				GCC_WARN_ABOUT_RETURN_TYPE = YES_ERROR;
				GCC_WARN_UNDECLARED_SELECTOR = YES;
				GCC_WARN_UNINITIALIZED_AUTOS = YES_AGGRESSIVE;
				GCC_WARN_UNUSED_FUNCTION = YES;
				GCC_WARN_UNUSED_VARIABLE = YES;
				IPHONEOS_DEPLOYMENT_TARGET = 10.1;
				MTL_ENABLE_DEBUG_INFO = NO;
				SDKROOT = iphoneos;
				SWIFT_OPTIMIZATION_LEVEL = "-Owholemodule";
				VALIDATE_PRODUCT = YES;
			};
			name = Release;
		};
		F4E7C21D1DEEC880009CD13C /* Debug */ = {
			isa = XCBuildConfiguration;
			buildSettings = {
				ASSETCATALOG_COMPILER_APPICON_NAME = AppIcon;
				DEVELOPMENT_TEAM = AWN3A347S4;
				INFOPLIST_FILE = iOSClientForPerfect/Info.plist;
				IPHONEOS_DEPLOYMENT_TARGET = 9.0;
				LD_RUNPATH_SEARCH_PATHS = "$(inherited) @executable_path/Frameworks";
				PRODUCT_BUNDLE_IDENTIFIER = ZeluLi.iOSClientForPerfect;
				PRODUCT_NAME = "$(TARGET_NAME)";
				SWIFT_VERSION = 3.0;
			};
			name = Debug;
		};
		F4E7C21E1DEEC880009CD13C /* Release */ = {
			isa = XCBuildConfiguration;
			buildSettings = {
				ASSETCATALOG_COMPILER_APPICON_NAME = AppIcon;
				DEVELOPMENT_TEAM = AWN3A347S4;
				INFOPLIST_FILE = iOSClientForPerfect/Info.plist;
				IPHONEOS_DEPLOYMENT_TARGET = 9.0;
				LD_RUNPATH_SEARCH_PATHS = "$(inherited) @executable_path/Frameworks";
				PRODUCT_BUNDLE_IDENTIFIER = ZeluLi.iOSClientForPerfect;
				PRODUCT_NAME = "$(TARGET_NAME)";
				SWIFT_VERSION = 3.0;
			};
			name = Release;
		};
/* End XCBuildConfiguration section */

/* Begin XCConfigurationList section */
		F4E7C2051DEEC880009CD13C /* Build configuration list for PBXProject "iOSClientForPerfect" */ = {
			isa = XCConfigurationList;
			buildConfigurations = (
				F4E7C21A1DEEC880009CD13C /* Debug */,
				F4E7C21B1DEEC880009CD13C /* Release */,
			);
			defaultConfigurationIsVisible = 0;
			defaultConfigurationName = Release;
		};
		F4E7C21C1DEEC880009CD13C /* Build configuration list for PBXNativeTarget "iOSClientForPerfect" */ = {
			isa = XCConfigurationList;
			buildConfigurations = (
				F4E7C21D1DEEC880009CD13C /* Debug */,
				F4E7C21E1DEEC880009CD13C /* Release */,
			);
			defaultConfigurationIsVisible = 0;
			defaultConfigurationName = Release;
		};
/* End XCConfigurationList section */
	};
	rootObject = F4E7C2021DEEC880009CD13C /* Project object */;
}
